
Microsoft Visual Studio Solution File, Format Version 12.00
# Visual Studio Version 18
VisualStudioVersion = 18.4.11612.150
MinimumVisualStudioVersion = 10.0.40219.1
Project("{FAE04EC0-301F-11D3-BF4B-00C04F79EFBC}") = "EmployeeManagement.Api", "EmployeeManagement.Api.csproj", "{BE8A561F-604A-C5D4-9BF5-D5ED5A003CE8}"
EndProject
Global
	GlobalSection(SolutionConfigurationPlatforms) = preSolution
		Debug|Any CPU = Debug|Any CPU
		Release|Any CPU = Release|Any CPU
	EndGlobalSection
	GlobalSection(ProjectConfigurationPlatforms) = postSolution
		{BE8A561F-604A-C5D4-9BF5-D5ED5A003CE8}.Debug|Any CPU.ActiveCfg = Debug|Any CPU
		{BE8A561F-604A-C5D4-9BF5-D5ED5A003CE8}.Debug|Any CPU.Build.0 = Debug|Any CPU
		{BE8A561F-604A-C5D4-9BF5-D5ED5A003CE8}.Release|Any CPU.ActiveCfg = Release|Any CPU
		{BE8A561F-604A-C5D4-9BF5-D5ED5A003CE8}.Release|Any CPU.Build.0 = Release|Any CPU
	EndGlobalSection
	GlobalSection(SolutionProperties) = preSolution
		HideSolutionNode = FALSE
	EndGlobalSection
	GlobalSection(ExtensibilityGlobals) = postSolution
		SolutionGuid = {F7E279AD-FF47-48EB-9FF9-F7129185048B}
	EndGlobalSection
EndGlobal
